
Microsoft Visual Studio Solution File, Format Version 12.00
# Visual Studio 2012
Project("{FAE04EC0-301F-11D3-BF4B-00C04F79EFBC}") = "TESTAO", "TESTAO\TESTAO.csproj", "{465B3333-838F-4B9D-BF5C-1BD248F82510}"
	ProjectSection(ProjectDependencies) = postProject
		{F333BB48-3737-4476-8182-75EC76352689} = {F333BB48-3737-4476-8182-75EC76352689}
		{95CDE461-0720-4C3B-B5E1-D188391FB7C0} = {95CDE461-0720-4C3B-B5E1-D188391FB7C0}
		{EB11C287-896C-4DBD-8EC4-62E8CAE22110} = {EB11C287-896C-4DBD-8EC4-62E8CAE22110}
		{56F662A1-D1E3-453F-BF74-9D8D03B6AFFC} = {56F662A1-D1E3-453F-BF74-9D8D03B6AFFC}
	EndProjectSection
EndProject
Project("{2150E333-8FDC-42A3-9474-1A3956D46DE8}") = "libs", "libs", "{4D943B89-01BE-411B-8C00-6C57466F2AAC}"
EndProject
Project("{FAE04EC0-301F-11D3-BF4B-00C04F79EFBC}") = "FontAwesomeIcons", "libs\FontAwesomeIcons\FontAwesomeIcons.csproj", "{56F662A1-D1E3-453F-BF74-9D8D03B6AFFC}"
EndProject
Project("{2150E333-8FDC-42A3-9474-1A3956D46DE8}") = "Solution Items", "Solution Items", "{E8376E86-8A79-4B18-A8BF-945B8511F8CA}"
	ProjectSection(SolutionItems) = preProject
		README.md = README.md
	EndProjectSection
EndProject
Project("{FAE04EC0-301F-11D3-BF4B-00C04F79EFBC}") = "iCarto", "iCarto\iCarto.csproj", "{57C27A27-CA86-4A7B-A74F-0A979FA56AB8}"
EndProject
Project("{FAE04EC0-301F-11D3-BF4B-00C04F79EFBC}") = "iCarto.Tests", "iCarto.Tests\iCarto.Tests.csproj", "{E5F30EEA-D50E-4460-A1CF-549B564DCECC}"
EndProject
Project("{FAE04EC0-301F-11D3-BF4B-00C04F79EFBC}") = "Transitions", "libs\Transitions\Transitions.csproj", "{95CDE461-0720-4C3B-B5E1-D188391FB7C0}"
EndProject
Project("{FAE04EC0-301F-11D3-BF4B-00C04F79EFBC}") = "MaterialSkin", "libs\MaterialSkin\MaterialSkin.csproj", "{F333BB48-3737-4476-8182-75EC76352689}"
EndProject
Project("{FAE04EC0-301F-11D3-BF4B-00C04F79EFBC}") = "LollipopUI", "libs\LollipopUI\LollipopUI.csproj", "{EB11C287-896C-4DBD-8EC4-62E8CAE22110}"
EndProject
Global
	GlobalSection(SolutionConfigurationPlatforms) = preSolution
		Debug|Any CPU = Debug|Any CPU
		Debug|Mixed Platforms = Debug|Mixed Platforms
		Debug|x86 = Debug|x86
		Release|Any CPU = Release|Any CPU
		Release|Mixed Platforms = Release|Mixed Platforms
		Release|x86 = Release|x86
	EndGlobalSection
	GlobalSection(ProjectConfigurationPlatforms) = postSolution
		{465B3333-838F-4B9D-BF5C-1BD248F82510}.Debug|Any CPU.ActiveCfg = Debug|x86
		{465B3333-838F-4B9D-BF5C-1BD248F82510}.Debug|Mixed Platforms.ActiveCfg = Debug|x86
		{465B3333-838F-4B9D-BF5C-1BD248F82510}.Debug|Mixed Platforms.Build.0 = Debug|x86
		{465B3333-838F-4B9D-BF5C-1BD248F82510}.Debug|x86.ActiveCfg = Debug|x86
		{465B3333-838F-4B9D-BF5C-1BD248F82510}.Debug|x86.Build.0 = Debug|x86
		{465B3333-838F-4B9D-BF5C-1BD248F82510}.Release|Any CPU.ActiveCfg = Release|x86
		{465B3333-838F-4B9D-BF5C-1BD248F82510}.Release|Mixed Platforms.ActiveCfg = Release|x86
		{465B3333-838F-4B9D-BF5C-1BD248F82510}.Release|Mixed Platforms.Build.0 = Release|x86
		{465B3333-838F-4B9D-BF5C-1BD248F82510}.Release|x86.ActiveCfg = Release|x86
		{465B3333-838F-4B9D-BF5C-1BD248F82510}.Release|x86.Build.0 = Release|x86
		{56F662A1-D1E3-453F-BF74-9D8D03B6AFFC}.Debug|Any CPU.ActiveCfg = Debug|Any CPU
		{56F662A1-D1E3-453F-BF74-9D8D03B6AFFC}.Debug|Any CPU.Build.0 = Debug|Any CPU
		{56F662A1-D1E3-453F-BF74-9D8D03B6AFFC}.Debug|Mixed Platforms.ActiveCfg = Debug|Any CPU
		{56F662A1-D1E3-453F-BF74-9D8D03B6AFFC}.Debug|Mixed Platforms.Build.0 = Debug|Any CPU
		{56F662A1-D1E3-453F-BF74-9D8D03B6AFFC}.Debug|x86.ActiveCfg = Debug|Any CPU
		{56F662A1-D1E3-453F-BF74-9D8D03B6AFFC}.Release|Any CPU.ActiveCfg = Release|Any CPU
		{56F662A1-D1E3-453F-BF74-9D8D03B6AFFC}.Release|Any CPU.Build.0 = Release|Any CPU
		{56F662A1-D1E3-453F-BF74-9D8D03B6AFFC}.Release|Mixed Platforms.ActiveCfg = Release|Any CPU
		{56F662A1-D1E3-453F-BF74-9D8D03B6AFFC}.Release|Mixed Platforms.Build.0 = Release|Any CPU
		{56F662A1-D1E3-453F-BF74-9D8D03B6AFFC}.Release|x86.ActiveCfg = Release|Any CPU
		{57C27A27-CA86-4A7B-A74F-0A979FA56AB8}.Debug|Any CPU.ActiveCfg = Debug|x86
		{57C27A27-CA86-4A7B-A74F-0A979FA56AB8}.Debug|Mixed Platforms.ActiveCfg = Debug|x86
		{57C27A27-CA86-4A7B-A74F-0A979FA56AB8}.Debug|Mixed Platforms.Build.0 = Debug|x86
		{57C27A27-CA86-4A7B-A74F-0A979FA56AB8}.Debug|x86.ActiveCfg = Debug|x86
		{57C27A27-CA86-4A7B-A74F-0A979FA56AB8}.Debug|x86.Build.0 = Debug|x86
		{57C27A27-CA86-4A7B-A74F-0A979FA56AB8}.Release|Any CPU.ActiveCfg = Release|x86
		{57C27A27-CA86-4A7B-A74F-0A979FA56AB8}.Release|Mixed Platforms.ActiveCfg = Release|x86
		{57C27A27-CA86-4A7B-A74F-0A979FA56AB8}.Release|Mixed Platforms.Build.0 = Release|x86
		{57C27A27-CA86-4A7B-A74F-0A979FA56AB8}.Release|x86.ActiveCfg = Release|x86
		{57C27A27-CA86-4A7B-A74F-0A979FA56AB8}.Release|x86.Build.0 = Release|x86
		{E5F30EEA-D50E-4460-A1CF-549B564DCECC}.Debug|Any CPU.ActiveCfg = Debug|Any CPU
		{E5F30EEA-D50E-4460-A1CF-549B564DCECC}.Debug|Any CPU.Build.0 = Debug|Any CPU
		{E5F30EEA-D50E-4460-A1CF-549B564DCECC}.Debug|Mixed Platforms.ActiveCfg = Debug|Any CPU
		{E5F30EEA-D50E-4460-A1CF-549B564DCECC}.Debug|Mixed Platforms.Build.0 = Debug|Any CPU
		{E5F30EEA-D50E-4460-A1CF-549B564DCECC}.Debug|x86.ActiveCfg = Debug|Any CPU
		{E5F30EEA-D50E-4460-A1CF-549B564DCECC}.Release|Any CPU.ActiveCfg = Release|Any CPU
		{E5F30EEA-D50E-4460-A1CF-549B564DCECC}.Release|Any CPU.Build.0 = Release|Any CPU
		{E5F30EEA-D50E-4460-A1CF-549B564DCECC}.Release|Mixed Platforms.ActiveCfg = Release|Any CPU
		{E5F30EEA-D50E-4460-A1CF-549B564DCECC}.Release|Mixed Platforms.Build.0 = Release|Any CPU
		{E5F30EEA-D50E-4460-A1CF-549B564DCECC}.Release|x86.ActiveCfg = Release|Any CPU
		{95CDE461-0720-4C3B-B5E1-D188391FB7C0}.Debug|Any CPU.ActiveCfg = Debug|Any CPU
		{95CDE461-0720-4C3B-B5E1-D188391FB7C0}.Debug|Any CPU.Build.0 = Debug|Any CPU
		{95CDE461-0720-4C3B-B5E1-D188391FB7C0}.Debug|Mixed Platforms.ActiveCfg = Debug|Any CPU
		{95CDE461-0720-4C3B-B5E1-D188391FB7C0}.Debug|Mixed Platforms.Build.0 = Debug|Any CPU
		{95CDE461-0720-4C3B-B5E1-D188391FB7C0}.Debug|x86.ActiveCfg = Debug|Any CPU
		{95CDE461-0720-4C3B-B5E1-D188391FB7C0}.Release|Any CPU.ActiveCfg = Release|Any CPU
		{95CDE461-0720-4C3B-B5E1-D188391FB7C0}.Release|Any CPU.Build.0 = Release|Any CPU
		{95CDE461-0720-4C3B-B5E1-D188391FB7C0}.Release|Mixed Platforms.ActiveCfg = Release|Any CPU
		{95CDE461-0720-4C3B-B5E1-D188391FB7C0}.Release|Mixed Platforms.Build.0 = Release|Any CPU
		{95CDE461-0720-4C3B-B5E1-D188391FB7C0}.Release|x86.ActiveCfg = Release|Any CPU
		{F333BB48-3737-4476-8182-75EC76352689}.Debug|Any CPU.ActiveCfg = Debug|Any CPU
		{F333BB48-3737-4476-8182-75EC76352689}.Debug|Any CPU.Build.0 = Debug|Any CPU
		{F333BB48-3737-4476-8182-75EC76352689}.Debug|Mixed Platforms.ActiveCfg = Debug|Any CPU
		{F333BB48-3737-4476-8182-75EC76352689}.Debug|Mixed Platforms.Build.0 = Debug|Any CPU
		{F333BB48-3737-4476-8182-75EC76352689}.Debug|x86.ActiveCfg = Debug|Any CPU
		{F333BB48-3737-4476-8182-75EC76352689}.Release|Any CPU.ActiveCfg = Release|Any CPU
		{F333BB48-3737-4476-8182-75EC76352689}.Release|Any CPU.Build.0 = Release|Any CPU
		{F333BB48-3737-4476-8182-75EC76352689}.Release|Mixed Platforms.ActiveCfg = Release|Any CPU
		{F333BB48-3737-4476-8182-75EC76352689}.Release|Mixed Platforms.Build.0 = Release|Any CPU
		{F333BB48-3737-4476-8182-75EC76352689}.Release|x86.ActiveCfg = Release|Any CPU
		{EB11C287-896C-4DBD-8EC4-62E8CAE22110}.Debug|Any CPU.ActiveCfg = Debug|Any CPU
		{EB11C287-896C-4DBD-8EC4-62E8CAE22110}.Debug|Any CPU.Build.0 = Debug|Any CPU
		{EB11C287-896C-4DBD-8EC4-62E8CAE22110}.Debug|Mixed Platforms.ActiveCfg = Debug|Any CPU
		{EB11C287-896C-4DBD-8EC4-62E8CAE22110}.Debug|Mixed Platforms.Build.0 = Debug|Any CPU
		{EB11C287-896C-4DBD-8EC4-62E8CAE22110}.Debug|x86.ActiveCfg = Debug|Any CPU
		{EB11C287-896C-4DBD-8EC4-62E8CAE22110}.Release|Any CPU.ActiveCfg = Release|Any CPU
		{EB11C287-896C-4DBD-8EC4-62E8CAE22110}.Release|Any CPU.Build.0 = Release|Any CPU
		{EB11C287-896C-4DBD-8EC4-62E8CAE22110}.Release|Mixed Platforms.ActiveCfg = Release|Any CPU
		{EB11C287-896C-4DBD-8EC4-62E8CAE22110}.Release|Mixed Platforms.Build.0 = Release|Any CPU
		{EB11C287-896C-4DBD-8EC4-62E8CAE22110}.Release|x86.ActiveCfg = Release|Any CPU
	EndGlobalSection
	GlobalSection(SolutionProperties) = preSolution
		HideSolutionNode = FALSE
	EndGlobalSection
	GlobalSection(NestedProjects) = preSolution
		{56F662A1-D1E3-453F-BF74-9D8D03B6AFFC} = {4D943B89-01BE-411B-8C00-6C57466F2AAC}
		{95CDE461-0720-4C3B-B5E1-D188391FB7C0} = {4D943B89-01BE-411B-8C00-6C57466F2AAC}
		{F333BB48-3737-4476-8182-75EC76352689} = {4D943B89-01BE-411B-8C00-6C57466F2AAC}
		{EB11C287-896C-4DBD-8EC4-62E8CAE22110} = {4D943B89-01BE-411B-8C00-6C57466F2AAC}
	EndGlobalSection
EndGlobal
